# THIS IS AN AUTOGENERATED FILE. DO NOT EDIT THIS FILE DIRECTLY.
# yarn lockfile v1


"@formatjs/intl-displaynames@^1.2.0":
  version "1.2.10"
  resolved "https://registry.yarnpkg.com/@formatjs/intl-displaynames/-/intl-displaynames-1.2.10.tgz#bb9625cca90b099978cd967c6a98aaf4e23fc878"
  integrity sha512-GROA2RP6+7Ouu0WnHFF78O5XIU7pBfI19WM1qm93l6MFWibUk67nCfVCK3VAYJkLy8L8ZxjkYT11VIAfvSz8wg==
  dependencies:
    "@formatjs/intl-utils" "^2.3.0"

"@formatjs/intl-listformat@^1.4.1":
  version "1.4.8"
  resolved "https://registry.yarnpkg.com/@formatjs/intl-listformat/-/intl-listformat-1.4.8.tgz#70b81005e7dcf74329cb5b314a940ce5fce36cd0"
  integrity sha512-WNMQlEg0e50VZrGIkgD5n7+DAMGt3boKi1GJALfhFMymslJb5i+5WzWxyj/3a929Z6MAFsmzRIJjKuv+BxKAOQ==
  dependencies:
    "@formatjs/intl-utils" "^2.3.0"

"@formatjs/intl-relativetimeformat@^4.5.9":
  version "4.5.16"
  resolved "https://registry.yarnpkg.com/@formatjs/intl-relativetimeformat/-/intl-relativetimeformat-4.5.16.tgz#7449cef3213dd66d25924ca41f125f87b58df95a"
  integrity sha512-IQ0haY97oHAH5OYUdykNiepdyEWj3SAT+Fp9ZpR85ov2JNiFx+12WWlxlVS8ehdyncC2ZMt/SwFIy2huK2+6/A==
  dependencies:
    "@formatjs/intl-utils" "^2.3.0"

"@formatjs/intl-unified-numberformat@^3.2.0":
  version "3.3.7"
  resolved "https://registry.yarnpkg.com/@formatjs/intl-unified-numberformat/-/intl-unified-numberformat-3.3.7.tgz#9995a24568908188e716d81a1de5b702b2ee00e2"
  integrity sha512-KnWgLRHzCAgT9eyt3OS34RHoyD7dPDYhRcuKn+/6Kv2knDF8Im43J6vlSW6Hm1w63fNq3ZIT1cFk7RuVO3Psag==
  dependencies:
    "@formatjs/intl-utils" "^2.3.0"

"@formatjs/intl-utils@^2.2.0", "@formatjs/intl-utils@^2.3.0":
  version "2.3.0"
  resolved "https://registry.yarnpkg.com/@formatjs/intl-utils/-/intl-utils-2.3.0.tgz#2dc8c57044de0340eb53a7ba602e59abf80dc799"
  integrity sha512-KWk80UPIzPmUg+P0rKh6TqspRw0G6eux1PuJr+zz47ftMaZ9QDwbGzHZbtzWkl5hgayM/qrKRutllRC7D/vVXQ==

"@types/graphql@^14.2.0":
  version "14.5.0"
  resolved "https://registry.yarnpkg.com/@types/graphql/-/graphql-14.5.0.tgz#a545fb3bc8013a3547cf2f07f5e13a33642b75d6"
  integrity sha512-MOkzsEp1Jk5bXuAsHsUi6BVv0zCO+7/2PTiZMXWDSsMXvNU6w/PLMQT2vHn8hy2i0JqojPz1Sz6rsFjHtsU0lA==
  dependencies:
    graphql "*"

"@types/hoist-non-react-statics@^3.3.1":
  version "3.3.6"
  resolved "https://registry.yarnpkg.com/@types/hoist-non-react-statics/-/hoist-non-react-statics-3.3.6.tgz#6bba74383cdab98e8db4e20ce5b4a6b98caed010"
  integrity sha512-lPByRJUer/iN/xa4qpyL0qmL11DqNW81iU/IG1S3uvRUq4oKagz8VCxZjiWkumgt66YT3vOdDgZ0o32sGKtCEw==
  dependencies:
    "@types/react" "*"
    hoist-non-react-statics "^3.3.0"

"@types/invariant@^2.2.31":
  version "2.2.37"
  resolved "https://registry.yarnpkg.com/@types/invariant/-/invariant-2.2.37.tgz#1709741e534364d653c87dff22fc76fa94aa7bc0"
  integrity sha512-IwpIMieE55oGWiXkQPSBY1nw1nFs6bsKXTFskNY8sdS17K24vyEBRQZEwlRS7ZmXCWnJcQtbxWzly+cODWGs2A==

"@types/jest-diff@*":
  version "20.0.1"
  resolved "https://registry.yarnpkg.com/@types/jest-diff/-/jest-diff-20.0.1.tgz#35cc15b9c4f30a18ef21852e255fdb02f6d59b89"
  integrity sha512-yALhelO3i0hqZwhjtcr6dYyaLoCHbAMshwtj6cGxTvHZAKXHsYGdff6E8EPw3xLKY0ELUTQ69Q1rQiJENnccMA==

"@types/jest@^24.0.11":
  version "24.0.18"
  resolved "https://registry.yarnpkg.com/@types/jest/-/jest-24.0.18.tgz#9c7858d450c59e2164a8a9df0905fc5091944498"
  integrity sha512-jcDDXdjTcrQzdN06+TSVsPPqxvsZA/5QkYfIZlq1JMw7FdP5AZylbOc+6B/cuDurctRe+MziUMtQ3xQdrbjqyQ==
  dependencies:
    "@types/jest-diff" "*"

"@types/node@^11.13.2":
  version "11.13.20"
  resolved "https://registry.yarnpkg.com/@types/node/-/node-11.13.20.tgz#da42fe93d6599f80b35ffeb5006f4c31f40d89ea"
  integrity sha512-JE0UpLWZTV1sGcaj0hN+Q0760OEjpgyFJ06DOMVW6qKBducKdJQaIw0TGL6ccj7VXRduIOHLWQi+tHwulZJHVQ==

"@types/prop-types@*":
  version "15.7.2"
  resolved "https://registry.yarnpkg.com/@types/prop-types/-/prop-types-15.7.2.tgz#0e58ae66773d7fd7c372a493aff740878ec9ceaa"
  integrity sha512-f8JzJNWVhKtc9dg/dyDNfliTKNOJSLa7Oht/ElZdF/UbMUmAH3rLmAk3ODNjw0mZajDEgatA03tRjB4+Dp/tzA==

"@types/ramda@^0.26.8":
  version "0.26.21"
  resolved "https://registry.yarnpkg.com/@types/ramda/-/ramda-0.26.21.tgz#cfd552c679453d153a9e2fd89ffc5dd5aa93d2c9"
  integrity sha512-zMYtIZMceA6BvH+or6LmewLBgojbXg5+FGCwjO8K+Z+d/ZWxILmhhASXkehW0PqJL+V0QbyDeeAHix0dvEKXfQ==
  dependencies:
    ts-toolbelt "^3.8.4"

"@types/react-intl@^2.3.17":
  version "2.3.18"
  resolved "https://registry.yarnpkg.com/@types/react-intl/-/react-intl-2.3.18.tgz#fd2d8b7f4d0a1dd05b5f1784ab0d7fe1786a690d"
  integrity sha512-DVNJs49zUxKRZng8VuILE886Yihdsf3yLr5vHk9zJrmF8SyRSK3sxNSvikAKxNkv9hX55XBTJShz6CkJnbNjgg==

"@types/react@*":
  version "19.0.10"
  resolved "https://registry.yarnpkg.com/@types/react/-/react-19.0.10.tgz#d0c66dafd862474190fe95ce11a68de69ed2b0eb"
  integrity sha512-JuRQ9KXLEjaUNjTWpzuR231Z2WpIwczOkBEIvbHNCzQefFIT0L8IqE6NV6ULLyC1SI/i234JnDoMkfg+RjQj2g==
  dependencies:
    csstype "^3.0.2"

"@types/react@^16.8.13":
  version "16.9.2"
  resolved "https://registry.yarnpkg.com/@types/react/-/react-16.9.2.tgz#6d1765431a1ad1877979013906731aae373de268"
  integrity sha512-jYP2LWwlh+FTqGd9v7ynUKZzjj98T8x7Yclz479QdRhHfuW9yQ+0jjnD31eXSXutmBpppj5PYNLYLRfnZJvcfg==
  dependencies:
    "@types/prop-types" "*"
    csstype "^2.2.0"

csstype@^2.2.0:
  version "2.6.6"
  resolved "https://registry.yarnpkg.com/csstype/-/csstype-2.6.6.tgz#c34f8226a94bbb10c32cc0d714afdf942291fc41"
  integrity sha512-RpFbQGUE74iyPgvr46U9t1xoQBM8T4BL8SxrN66Le2xYAPSaDJJKeztV3awugusb3g3G9iL8StmkBBXhcbbXhg==

csstype@^3.0.2:
  version "3.1.3"
  resolved "https://registry.yarnpkg.com/csstype/-/csstype-3.1.3.tgz#d80ff294d114fb0e6ac500fbf85b60137d7eff81"
  integrity sha512-M1uQkMl8rQK/szD0LNhtqxIPLpimGm8sOBwU7lLnCpSbTyY3yeU1Vc7l4KT5zT4s/yOxHH5O7tIuuLOCnLADRw==

graphql@*:
  version "14.5.4"
  resolved "https://registry.yarnpkg.com/graphql/-/graphql-14.5.4.tgz#b33fe957854e90c10d4c07c7d26b6c8e9f159a13"
  integrity sha512-dPLvHoxy5m9FrkqWczPPRnH0X80CyvRE6e7Fa5AWEqEAzg9LpxHvKh24po/482E6VWHigOkAmb4xCp6P9yT9gw==
  dependencies:
    iterall "^1.2.2"

hoist-non-react-statics@^3.3.0:
  version "3.3.0"
  resolved "https://registry.yarnpkg.com/hoist-non-react-statics/-/hoist-non-react-statics-3.3.0.tgz#b09178f0122184fb95acf525daaecb4d8f45958b"
  integrity sha512-0XsbTXxgiaCDYDIWFcwkmerZPSwywfUqYmwT4jzewKTQSWoE6FCMoUVOeBJWK3E/CrWbxRG3m5GzY4lnIwGRBA==
  dependencies:
    react-is "^16.7.0"

hoist-non-react-statics@^3.3.2:
  version "3.3.2"
  resolved "https://registry.yarnpkg.com/hoist-non-react-statics/-/hoist-non-react-statics-3.3.2.tgz#ece0acaf71d62c2969c2ec59feff42a4b1a85b45"
  integrity sha512-/gGivxi8JPKWNm/W0jSmzcMPpfpPLc3dY/6GxhX2hQ9iGj3aDfklV4ET7NjKpSinLpJ5vafa9iiGIEZg10SfBw==
  dependencies:
    react-is "^16.7.0"

intl-format-cache@^4.2.21:
  version "4.3.1"
  resolved "https://registry.yarnpkg.com/intl-format-cache/-/intl-format-cache-4.3.1.tgz#484d31a9872161e6c02139349b259a6229ade377"
  integrity sha512-OEUYNA7D06agqPOYhbTkl0T8HA3QKSuwWh1HiClEnpd9vw7N+3XsQt5iZ0GUEchp5CW1fQk/tary+NsbF3yQ1Q==

intl-messageformat-parser@^3.6.4:
  version "3.6.4"
  resolved "https://registry.yarnpkg.com/intl-messageformat-parser/-/intl-messageformat-parser-3.6.4.tgz#5199d106d816c3dda26ee0694362a9cf823978fb"
  integrity sha512-RgPGwue0mJtoX2Ax8EmMzJzttxjnva7gx0Q7mKJ4oALrTZvtmCeAw5Msz2PcjW4dtCh/h7vN/8GJCxZO1uv+OA==
  dependencies:
    "@formatjs/intl-unified-numberformat" "^3.2.0"

intl-messageformat@^7.8.4:
  version "7.8.4"
  resolved "https://registry.yarnpkg.com/intl-messageformat/-/intl-messageformat-7.8.4.tgz#c29146a06b9cd26662978a4d95fff2b133e3642f"
  integrity sha512-yS0cLESCKCYjseCOGXuV4pxJm/buTfyCJ1nzQjryHmSehlptbZbn9fnlk1I9peLopZGGbjj46yHHiTAEZ1qOTA==
  dependencies:
    intl-format-cache "^4.2.21"
    intl-messageformat-parser "^3.6.4"

iterall@^1.2.2:
  version "1.2.2"
  resolved "https://registry.yarnpkg.com/iterall/-/iterall-1.2.2.tgz#92d70deb8028e0c39ff3164fdbf4d8b088130cd7"
  integrity sha512-yynBb1g+RFUPY64fTrFv7nsjRrENBQJaX2UL+2Szc9REFrSNm1rpSXHGzhmAy7a9uv3vlvgBlXnf9RqmPH1/DA==

"js-tokens@^3.0.0 || ^4.0.0":
  version "4.0.0"
  resolved "https://registry.yarnpkg.com/js-tokens/-/js-tokens-4.0.0.tgz#19203fb59991df98e3a287050d4647cdeaf32499"
  integrity sha512-RdJUflcE3cUzKiMqQgsCu06FPu9UdIJO0beYbPhHN4k6apgJtifcoCtT9bcxOpYBtpD2kCM6Sbzg4CausW/PKQ==

loose-envify@^1.1.0, loose-envify@^1.4.0:
  version "1.4.0"
  resolved "https://registry.yarnpkg.com/loose-envify/-/loose-envify-1.4.0.tgz#71ee51fa7be4caec1a63839f7e682d8132d30caf"
  integrity sha512-lyuxPGr/Wfhrlem2CL/UcnUc1zcqKAImBDzukY7Y5F/yQiNdko6+fRLevlw1HgMySw7f611UIY408EtxRSoK3Q==
  dependencies:
    js-tokens "^3.0.0 || ^4.0.0"

object-assign@^4.1.1:
  version "4.1.1"
  resolved "https://registry.yarnpkg.com/object-assign/-/object-assign-4.1.1.tgz#2109adc7965887cfc05cbbd442cac8bfbb360863"
  integrity sha1-IQmtx5ZYh8/AXLvUQsrIv7s2CGM=

prop-types@^15.6.2:
  version "15.7.2"
  resolved "https://registry.yarnpkg.com/prop-types/-/prop-types-15.7.2.tgz#52c41e75b8c87e72b9d9360e0206b99dcbffa6c5"
  integrity sha512-8QQikdH7//R2vurIJSutZ1smHYTcLpRWEOlHnzcWHmBYrOGUysKwSsrC89BCiFj3CbrfJ/nXFdJepOVrY1GCHQ==
  dependencies:
    loose-envify "^1.4.0"
    object-assign "^4.1.1"
    react-is "^16.8.1"

ramda@^0.26.1:
  version "0.26.1"
  resolved "https://registry.yarnpkg.com/ramda/-/ramda-0.26.1.tgz#8d41351eb8111c55353617fc3bbffad8e4d35d06"
  integrity sha512-hLWjpy7EnsDBb0p+Z3B7rPi3GDeRG5ZtiI33kJhTt+ORCd38AbAIjB/9zRIUoeTbE/AVX5ZkU7m6bznsvrf8eQ==

react-intl@^3.12.1:
  version "3.12.1"
  resolved "https://registry.yarnpkg.com/react-intl/-/react-intl-3.12.1.tgz#e9a783ea20302e9da25e4eda59e5593a43d2ec80"
  integrity sha512-cgumW29mwROIqyp8NXStYsoIm27+8FqnxykiLSawWjOxGIBeLuN/+p2srei5SRIumcJefOkOIHP+NDck05RgHg==
  dependencies:
    "@formatjs/intl-displaynames" "^1.2.0"
    "@formatjs/intl-listformat" "^1.4.1"
    "@formatjs/intl-relativetimeformat" "^4.5.9"
    "@formatjs/intl-unified-numberformat" "^3.2.0"
    "@formatjs/intl-utils" "^2.2.0"
    "@types/hoist-non-react-statics" "^3.3.1"
    "@types/invariant" "^2.2.31"
    hoist-non-react-statics "^3.3.2"
    intl-format-cache "^4.2.21"
    intl-messageformat "^7.8.4"
    intl-messageformat-parser "^3.6.4"
    shallow-equal "^1.2.1"

react-is@^16.7.0, react-is@^16.8.1:
  version "16.9.0"
  resolved "https://registry.yarnpkg.com/react-is/-/react-is-16.9.0.tgz#21ca9561399aad0ff1a7701c01683e8ca981edcb"
  integrity sha512-tJBzzzIgnnRfEm046qRcURvwQnZVXmuCbscxUO5RWrGTXpon2d4c8mI0D8WE6ydVIm29JiLB6+RslkIvym9Rjw==

react@^16.8.6:
  version "16.9.0"
  resolved "https://registry.yarnpkg.com/react/-/react-16.9.0.tgz#40ba2f9af13bc1a38d75dbf2f4359a5185c4f7aa"
  integrity sha512-+7LQnFBwkiw+BobzOF6N//BdoNw0ouwmSJTEm9cglOOmsg/TMiFHZLe2sEoN5M7LgJTj9oHH0gxklfnQe66S1w==
  dependencies:
    loose-envify "^1.1.0"
    object-assign "^4.1.1"
    prop-types "^15.6.2"

shallow-equal@^1.2.1:
  version "1.2.1"
  resolved "https://registry.yarnpkg.com/shallow-equal/-/shallow-equal-1.2.1.tgz#4c16abfa56043aa20d050324efa68940b0da79da"
  integrity sha512-S4vJDjHHMBaiZuT9NPb616CSmLf618jawtv3sufLl6ivK8WocjAo58cXwbRV1cgqxH0Qbv+iUt6m05eqEa2IRA==

ts-toolbelt@^3.8.4:
  version "3.8.81"
  resolved "https://registry.yarnpkg.com/ts-toolbelt/-/ts-toolbelt-3.8.81.tgz#6fbf86701cf877b082605330d30a5d2592ac1178"
  integrity sha512-XVSL52X/DLUvMmcALOpvnzwYsB6MgqdlUNmHYA7IL2/RGezES40kMPnHt1N1OJ08PyMog8VMum4ZkXfbrw02zQ==
